
Microsoft Visual Studio Solution File, Format Version 12.00
# Visual Studio Version 17
VisualStudioVersion = 17.1.32328.378
MinimumVisualStudioVersion = 10.0.40219.1
Project("{2150E333-8FDC-42A3-9474-1A3956D46DE8}") = "src", "src", "{31D2203D-F711-4F5E-BF18-68A107765934}"
EndProject
Project("{2150E333-8FDC-42A3-9474-1A3956D46DE8}") = "tests", "tests", "{47A8018F-E535-4079-95B3-0F74B59F8804}"
EndProject
Project("{9A19103F-16F7-4668-BE54-9A1E7A4F7556}") = "Domain", "Domain\Domain.csproj", "{D5A5AF73-50C0-4F8C-A17B-6742A7E15B8D}"
EndProject
Project("{FAE04EC0-301F-11D3-BF4B-00C04F79EFBC}") = "Application", "Application\Application.csproj", "{206A65C6-62C5-4E5B-8129-59CF1DE6A63F}"
EndProject
Project("{FAE04EC0-301F-11D3-BF4B-00C04F79EFBC}") = "Infrastructure", "Infrastructure\Infrastructure.csproj", "{08C65F27-DA19-43D3-9B34-03CB7A12FEF0}"
EndProject
Project("{FAE04EC0-301F-11D3-BF4B-00C04F79EFBC}") = "Web", "Web\Web.csproj", "{A81021D9-7918-4630-87D7-A029BD3AC66A}"
EndProject
Project("{FAE04EC0-301F-11D3-BF4B-00C04F79EFBC}") = "Tests.Unit", "Tests.Unit\Tests.Unit.csproj", "{3F1A0EC0-BFFA-482F-8766-5D24C3578F4B}"
EndProject
Global
	GlobalSection(SolutionConfigurationPlatforms) = preSolution
		Debug|Any CPU = Debug|Any CPU
		Release|Any CPU = Release|Any CPU
	EndGlobalSection
	GlobalSection(ProjectConfigurationPlatforms) = postSolution
		{D5A5AF73-50C0-4F8C-A17B-6742A7E15B8D}.Debug|Any CPU.ActiveCfg = Debug|Any CPU
		{D5A5AF73-50C0-4F8C-A17B-6742A7E15B8D}.Debug|Any CPU.Build.0 = Debug|Any CPU
		{D5A5AF73-50C0-4F8C-A17B-6742A7E15B8D}.Release|Any CPU.ActiveCfg = Release|Any CPU
		{D5A5AF73-50C0-4F8C-A17B-6742A7E15B8D}.Release|Any CPU.Build.0 = Release|Any CPU
		{206A65C6-62C5-4E5B-8129-59CF1DE6A63F}.Debug|Any CPU.ActiveCfg = Debug|Any CPU
		{206A65C6-62C5-4E5B-8129-59CF1DE6A63F}.Debug|Any CPU.Build.0 = Debug|Any CPU
		{206A65C6-62C5-4E5B-8129-59CF1DE6A63F}.Release|Any CPU.ActiveCfg = Release|Any CPU
		{206A65C6-62C5-4E5B-8129-59CF1DE6A63F}.Release|Any CPU.Build.0 = Release|Any CPU
		{08C65F27-DA19-43D3-9B34-03CB7A12FEF0}.Debug|Any CPU.ActiveCfg = Debug|Any CPU
		{08C65F27-DA19-43D3-9B34-03CB7A12FEF0}.Debug|Any CPU.Build.0 = Debug|Any CPU
		{08C65F27-DA19-43D3-9B34-03CB7A12FEF0}.Release|Any CPU.ActiveCfg = Release|Any CPU
		{08C65F27-DA19-43D3-9B34-03CB7A12FEF0}.Release|Any CPU.Build.0 = Release|Any CPU
		{A81021D9-7918-4630-87D7-A029BD3AC66A}.Debug|Any CPU.ActiveCfg = Debug|Any CPU
		{A81021D9-7918-4630-87D7-A029BD3AC66A}.Debug|Any CPU.Build.0 = Debug|Any CPU
		{A81021D9-7918-4630-87D7-A029BD3AC66A}.Release|Any CPU.ActiveCfg = Release|Any CPU
		{A81021D9-7918-4630-87D7-A029BD3AC66A}.Release|Any CPU.Build.0 = Release|Any CPU
		{3F1A0EC0-BFFA-482F-8766-5D24C3578F4B}.Debug|Any CPU.ActiveCfg = Debug|Any CPU
		{3F1A0EC0-BFFA-482F-8766-5D24C3578F4B}.Debug|Any CPU.Build.0 = Debug|Any CPU
		{3F1A0EC0-BFFA-482F-8766-5D24C3578F4B}.Release|Any CPU.ActiveCfg = Release|Any CPU
		{3F1A0EC0-BFFA-482F-8766-5D24C3578F4B}.Release|Any CPU.Build.0 = Release|Any CPU
	EndGlobalSection
	GlobalSection(SolutionProperties) = preSolution
		HideSolutionNode = FALSE
	EndGlobalSection
	GlobalSection(NestedProjects) = preSolution
		{D5A5AF73-50C0-4F8C-A17B-6742A7E15B8D} = {31D2203D-F711-4F5E-BF18-68A107765934}
		{206A65C6-62C5-4E5B-8129-59CF1DE6A63F} = {31D2203D-F711-4F5E-BF18-68A107765934}
		{08C65F27-DA19-43D3-9B34-03CB7A12FEF0} = {31D2203D-F711-4F5E-BF18-68A107765934}
		{A81021D9-7918-4630-87D7-A029BD3AC66A} = {31D2203D-F711-4F5E-BF18-68A107765934}
		{3F1A0EC0-BFFA-482F-8766-5D24C3578F4B} = {47A8018F-E535-4079-95B3-0F74B59F8804}
	EndGlobalSection
	GlobalSection(ExtensibilityGlobals) = postSolution
		SolutionGuid = {12FE1BD0-0D76-4D18-93D5-E69750142493}
	EndGlobalSection
EndGlobal
